
Microsoft Visual Studio Solution File, Format Version 12.00
# Visual Studio Version 17
VisualStudioVersion = 17.12.35707.178 d17.12
MinimumVisualStudioVersion = 10.0.40219.1
Project("{FAE04EC0-301F-11D3-BF4B-00C04F79EFBC}") = "NetworkMonitor", "NetworkMonitor\NetworkMonitor.csproj", "{F025EAFA-73EA-479C-9A01-BD1ECAFEBBFE}"
EndProject
Global
	GlobalSection(SolutionConfigurationPlatforms) = preSolution
		Debug|Any CPU = Debug|Any CPU
		Release|Any CPU = Release|Any CPU
	EndGlobalSection
	GlobalSection(ProjectConfigurationPlatforms) = postSolution
		{F025EAFA-73EA-479C-9A01-BD1ECAFEBBFE}.Debug|Any CPU.ActiveCfg = Debug|Any CPU
		{F025EAFA-73EA-479C-9A01-BD1ECAFEBBFE}.Debug|Any CPU.Build.0 = Debug|Any CPU
		{F025EAFA-73EA-479C-9A01-BD1ECAFEBBFE}.Release|Any CPU.ActiveCfg = Release|Any CPU
		{F025EAFA-73EA-479C-9A01-BD1ECAFEBBFE}.Release|Any CPU.Build.0 = Release|Any CPU
	EndGlobalSection
	GlobalSection(SolutionProperties) = preSolution
		HideSolutionNode = FALSE
	EndGlobalSection
EndGlobal
